
Microsoft Visual Studio Solution File, Format Version 12.00
# Visual Studio 2012
Project("{FAE04EC0-301F-11D3-BF4B-00C04F79EFBC}") = "CertCreator", "CertCreator\CertCreator.csproj", "{6DAF149F-6128-4552-B430-710E3D229073}"
EndProject
Project("{FAE04EC0-301F-11D3-BF4B-00C04F79EFBC}") = "CertCreator.Tests", "CertCreator.Tests\CertCreator.Tests.csproj", "{F2DCB784-50EB-4CE4-8870-5D24FF787113}"
EndProject
Project("{2150E333-8FDC-42A3-9474-1A3956D46DE8}") = ".nuget", ".nuget", "{39F22B5F-A72A-4D11-BFCA-C4843732D7C9}"
	ProjectSection(SolutionItems) = preProject
		.nuget\packages.config = .nuget\packages.config
	EndProjectSection
EndProject
Project("{2150E333-8FDC-42A3-9474-1A3956D46DE8}") = "CommonAssets", "CommonAssets", "{C146FE6F-A9D6-4803-AF0D-CD255AB97CE0}"
	ProjectSection(SolutionItems) = preProject
		CommonAssemblyInfo.cs = CommonAssemblyInfo.cs
	EndProjectSection
EndProject
Global
	GlobalSection(SolutionConfigurationPlatforms) = preSolution
		Debug|Any CPU = Debug|Any CPU
		Release|Any CPU = Release|Any CPU
	EndGlobalSection
	GlobalSection(ProjectConfigurationPlatforms) = postSolution
		{6DAF149F-6128-4552-B430-710E3D229073}.Debug|Any CPU.ActiveCfg = Debug|Any CPU
		{6DAF149F-6128-4552-B430-710E3D229073}.Debug|Any CPU.Build.0 = Debug|Any CPU
		{6DAF149F-6128-4552-B430-710E3D229073}.Release|Any CPU.ActiveCfg = Release|Any CPU
		{6DAF149F-6128-4552-B430-710E3D229073}.Release|Any CPU.Build.0 = Release|Any CPU
		{F2DCB784-50EB-4CE4-8870-5D24FF787113}.Debug|Any CPU.ActiveCfg = Debug|Any CPU
		{F2DCB784-50EB-4CE4-8870-5D24FF787113}.Debug|Any CPU.Build.0 = Debug|Any CPU
		{F2DCB784-50EB-4CE4-8870-5D24FF787113}.Release|Any CPU.ActiveCfg = Release|Any CPU
		{F2DCB784-50EB-4CE4-8870-5D24FF787113}.Release|Any CPU.Build.0 = Release|Any CPU
	EndGlobalSection
	GlobalSection(SolutionProperties) = preSolution
		HideSolutionNode = FALSE
	EndGlobalSection
EndGlobal
